
Microsoft Visual Studio Solution File, Format Version 12.00
# Visual Studio Version 16
VisualStudioVersion = 16.0.30517.126
MinimumVisualStudioVersion = 10.0.40219.1
Project("{FAE04EC0-301F-11D3-BF4B-00C04F79EFBC}") = "Java MC Shape To VS Shape", "Java MC Shape To VS Shape.csproj", "{635A12B5-2BEC-41FF-B074-CA2CCCBEE613}"
EndProject
Global
	GlobalSection(SolutionConfigurationPlatforms) = preSolution
		Debug|Any CPU = Debug|Any CPU
		Release|Any CPU = Release|Any CPU
	EndGlobalSection
	GlobalSection(ProjectConfigurationPlatforms) = postSolution
		{635A12B5-2BEC-41FF-B074-CA2CCCBEE613}.Debug|Any CPU.ActiveCfg = Debug|Any CPU
		{635A12B5-2BEC-41FF-B074-CA2CCCBEE613}.Debug|Any CPU.Build.0 = Debug|Any CPU
		{635A12B5-2BEC-41FF-B074-CA2CCCBEE613}.Release|Any CPU.ActiveCfg = Release|Any CPU
		{635A12B5-2BEC-41FF-B074-CA2CCCBEE613}.Release|Any CPU.Build.0 = Release|Any CPU
	EndGlobalSection
	GlobalSection(SolutionProperties) = preSolution
		HideSolutionNode = FALSE
	EndGlobalSection
	GlobalSection(ExtensibilityGlobals) = postSolution
		SolutionGuid = {4B618DFA-C64E-4113-A8FC-1C121C5A1D4D}
	EndGlobalSection
EndGlobal
